
Microsoft Visual Studio Solution File, Format Version 12.00
# Visual Studio Version 17
VisualStudioVersion = 17.1.32319.34
MinimumVisualStudioVersion = 10.0.40219.1
Project("{FAE04EC0-301F-11D3-BF4B-00C04F79EFBC}") = "WebApplication4", "WebApplication4.csproj", "{ED98A0A7-C122-4925-8619-11E15EEA76FC}"
EndProject
Global
	GlobalSection(SolutionConfigurationPlatforms) = preSolution
		Debug|Any CPU = Debug|Any CPU
		Release|Any CPU = Release|Any CPU
	EndGlobalSection
	GlobalSection(ProjectConfigurationPlatforms) = postSolution
		{ED98A0A7-C122-4925-8619-11E15EEA76FC}.Debug|Any CPU.ActiveCfg = Debug|Any CPU
		{ED98A0A7-C122-4925-8619-11E15EEA76FC}.Debug|Any CPU.Build.0 = Debug|Any CPU
		{ED98A0A7-C122-4925-8619-11E15EEA76FC}.Release|Any CPU.ActiveCfg = Release|Any CPU
		{ED98A0A7-C122-4925-8619-11E15EEA76FC}.Release|Any CPU.Build.0 = Release|Any CPU
	EndGlobalSection
	GlobalSection(SolutionProperties) = preSolution
		HideSolutionNode = FALSE
	EndGlobalSection
	GlobalSection(ExtensibilityGlobals) = postSolution
		SolutionGuid = {623C1909-2619-4268-A557-FB3F0E4A81A7}
	EndGlobalSection
EndGlobal
